# This file was autogenerated by uv via the following command:
#    uv pip compile pyproject.toml -o uv.lock --extra test
certifi=2026.1.4
    # via
    #   netcdf4
    #   requests
cf-xarray=0.10.10
    # via climpred (pyproject.toml)
cfgv=3.5.0
    # via pre-commit
cftime=1.6.5
    # via
    #   climpred (pyproject.toml)
    #   netcdf4
charset-normalizer=3.4.4
    # via requests
click=8.3.1
    # via dask
cloudpickle=3.1.2
    # via dask
coverage=7.13.1
    # via pytest-cov
dask=2026.1.1
    # via
    #   climpred (pyproject.toml)
    #   xhistogram
    #   xskillscore
distlib=0.4.0
    # via virtualenv
execnet=2.1.2
    # via pytest-xdist
filelock=3.20.3
    # via virtualenv
fsspec=2026.1.0
    # via dask
h5netcdf=1.8.0
    # via climpred (pyproject.toml)
identify=2.6.16
    # via pre-commit
idna=3.11
    # via requests
iniconfig=2.3.0
    # via pytest
locket=1.0.0
    # via partd
netcdf4=1.7.4
    # via climpred (pyproject.toml)
nodeenv=1.10.0
    # via pre-commit
numpy=2.4.1
    # via
    #   climpred (pyproject.toml)
    #   cftime
    #   dask
    #   netcdf4
    #   pandas
    #   patsy
    #   properscoring
    #   scipy
    #   statsmodels
    #   xarray
    #   xhistogram
    #   xskillscore
packaging=25.0
    # via
    #   climpred (pyproject.toml)
    #   dask
    #   h5netcdf
    #   pooch
    #   pytest
    #   statsmodels
    #   xarray
pandas=2.3.3
    # via
    #   statsmodels
    #   xarray
partd=1.4.2
    # via dask
patsy=1.0.2
    # via statsmodels
platformdirs=4.5.1
    # via
    #   pooch
    #   virtualenv
pluggy=1.6.0
    # via
    #   pytest
    #   pytest-cov
pooch=1.8.2
    # via climpred (pyproject.toml)
pre-commit=4.5.1
    # via climpred (pyproject.toml)
properscoring=0.1
    # via xskillscore
pytest=7.4.4
    # via
    #   climpred (pyproject.toml)
    #   pytest-cov
    #   pytest-lazy-fixture
    #   pytest-xdist
pytest-cov=7.0.0
    # via climpred (pyproject.toml)
pytest-lazy-fixture=0.6.3
    # via climpred (pyproject.toml)
pytest-xdist=3.8.0
    # via climpred (pyproject.toml)
python-dateutil=2.9.0.post0
    # via pandas
pytz=2025.2
    # via pandas
pyyaml=6.0.3
    # via
    #   dask
    #   pre-commit
requests=2.32.5
    # via pooch
scipy=1.17.0
    # via
    #   properscoring
    #   statsmodels
    #   xskillscore
six=1.17.0
    # via python-dateutil
statsmodels=0.14.6
    # via xskillscore
toolz=1.1.0
    # via
    #   dask
    #   partd
tzdata=2025.3
    # via pandas
urllib3=2.6.3
    # via requests
virtualenv=20.36.1
    # via pre-commit
xarray=2025.12.0
    # via
    #   climpred (pyproject.toml)
    #   cf-xarray
    #   xhistogram
    #   xskillscore
xhistogram=0.3.2
    # via xskillscore
xskillscore=0.0.27
    # via climpred (pyproject.toml)
